
Microsoft Visual Studio Solution File, Format Version 12.00
# Visual Studio Version 16
VisualStudioVersion = 16.0.30804.86
MinimumVisualStudioVersion = 10.0.40219.1
Project("{FAE04EC0-301F-11D3-BF4B-00C04F79EFBC}") = "EmailService", "EmailService\EmailService.csproj", "{C6944DF1-5A68-4619-BBC9-FC4C64AA2227}"
EndProject
Project("{FAE04EC0-301F-11D3-BF4B-00C04F79EFBC}") = "EmailService.Tests", "EmailService.Tests\EmailService.Tests.csproj", "{279F842E-B47C-468C-A402-AF7609656614}"
EndProject
Global
	GlobalSection(SolutionConfigurationPlatforms) = preSolution
		Debug|Any CPU = Debug|Any CPU
		Release|Any CPU = Release|Any CPU
	EndGlobalSection
	GlobalSection(ProjectConfigurationPlatforms) = postSolution
		{C6944DF1-5A68-4619-BBC9-FC4C64AA2227}.Debug|Any CPU.ActiveCfg = Debug|Any CPU
		{C6944DF1-5A68-4619-BBC9-FC4C64AA2227}.Debug|Any CPU.Build.0 = Debug|Any CPU
		{C6944DF1-5A68-4619-BBC9-FC4C64AA2227}.Release|Any CPU.ActiveCfg = Release|Any CPU
		{C6944DF1-5A68-4619-BBC9-FC4C64AA2227}.Release|Any CPU.Build.0 = Release|Any CPU
		{279F842E-B47C-468C-A402-AF7609656614}.Debug|Any CPU.ActiveCfg = Debug|Any CPU
		{279F842E-B47C-468C-A402-AF7609656614}.Debug|Any CPU.Build.0 = Debug|Any CPU
		{279F842E-B47C-468C-A402-AF7609656614}.Release|Any CPU.ActiveCfg = Release|Any CPU
		{279F842E-B47C-468C-A402-AF7609656614}.Release|Any CPU.Build.0 = Release|Any CPU
	EndGlobalSection
	GlobalSection(SolutionProperties) = preSolution
		HideSolutionNode = FALSE
	EndGlobalSection
	GlobalSection(ExtensibilityGlobals) = postSolution
		SolutionGuid = {442B809E-EF33-47C0-BA4E-55A0DF3DE090}
	EndGlobalSection
EndGlobal
